
Microsoft Visual Studio Solution File, Format Version 12.00
# Visual Studio Version 17
VisualStudioVersion = 17.10.35122.118
MinimumVisualStudioVersion = 10.0.40219.1
Project("{FAE04EC0-301F-11D3-BF4B-00C04F79EFBC}") = "NotificationFactory", "NotificationFactory\NotificationFactory.csproj", "{EC9A63CC-B42F-4676-A753-1EEA4AEE5D86}"
EndProject
Global
	GlobalSection(SolutionConfigurationPlatforms) = preSolution
		Debug|Any CPU = Debug|Any CPU
		Release|Any CPU = Release|Any CPU
	EndGlobalSection
	GlobalSection(ProjectConfigurationPlatforms) = postSolution
		{EC9A63CC-B42F-4676-A753-1EEA4AEE5D86}.Debug|Any CPU.ActiveCfg = Debug|Any CPU
		{EC9A63CC-B42F-4676-A753-1EEA4AEE5D86}.Debug|Any CPU.Build.0 = Debug|Any CPU
		{EC9A63CC-B42F-4676-A753-1EEA4AEE5D86}.Release|Any CPU.ActiveCfg = Release|Any CPU
		{EC9A63CC-B42F-4676-A753-1EEA4AEE5D86}.Release|Any CPU.Build.0 = Release|Any CPU
	EndGlobalSection
	GlobalSection(SolutionProperties) = preSolution
		HideSolutionNode = FALSE
	EndGlobalSection
	GlobalSection(ExtensibilityGlobals) = postSolution
		SolutionGuid = {A59CC6AD-81C6-4EA4-9363-5C194AC135F4}
	EndGlobalSection
EndGlobal
