
Microsoft Visual Studio Solution File, Format Version 12.00
# Visual Studio Version 17
VisualStudioVersion = 17.10.35122.118
MinimumVisualStudioVersion = 10.0.40219.1
Project("{FAE04EC0-301F-11D3-BF4B-00C04F79EFBC}") = "LibraryManagement", "LibraryManagement\LibraryManagement.csproj", "{7693EC4A-42DA-4592-A739-8B1533555430}"
EndProject
Global
	GlobalSection(SolutionConfigurationPlatforms) = preSolution
		Debug|Any CPU = Debug|Any CPU
		Release|Any CPU = Release|Any CPU
	EndGlobalSection
	GlobalSection(ProjectConfigurationPlatforms) = postSolution
		{7693EC4A-42DA-4592-A739-8B1533555430}.Debug|Any CPU.ActiveCfg = Debug|Any CPU
		{7693EC4A-42DA-4592-A739-8B1533555430}.Debug|Any CPU.Build.0 = Debug|Any CPU
		{7693EC4A-42DA-4592-A739-8B1533555430}.Release|Any CPU.ActiveCfg = Release|Any CPU
		{7693EC4A-42DA-4592-A739-8B1533555430}.Release|Any CPU.Build.0 = Release|Any CPU
	EndGlobalSection
	GlobalSection(SolutionProperties) = preSolution
		HideSolutionNode = FALSE
	EndGlobalSection
	GlobalSection(ExtensibilityGlobals) = postSolution
		SolutionGuid = {FF613751-6A0A-460E-9BAB-F87FEB91F8AA}
	EndGlobalSection
EndGlobal
