
Microsoft Visual Studio Solution File, Format Version 12.00
# Visual Studio Version 17
VisualStudioVersion = 17.10.35122.118
MinimumVisualStudioVersion = 10.0.40219.1
Project("{FAE04EC0-301F-11D3-BF4B-00C04F79EFBC}") = "GpuFactory", "GpuFactory\GpuFactory.csproj", "{434E13A0-8B50-4A91-A6E8-E19906931E6C}"
EndProject
Global
	GlobalSection(SolutionConfigurationPlatforms) = preSolution
		Debug|Any CPU = Debug|Any CPU
		Release|Any CPU = Release|Any CPU
	EndGlobalSection
	GlobalSection(ProjectConfigurationPlatforms) = postSolution
		{434E13A0-8B50-4A91-A6E8-E19906931E6C}.Debug|Any CPU.ActiveCfg = Debug|Any CPU
		{434E13A0-8B50-4A91-A6E8-E19906931E6C}.Debug|Any CPU.Build.0 = Debug|Any CPU
		{434E13A0-8B50-4A91-A6E8-E19906931E6C}.Release|Any CPU.ActiveCfg = Release|Any CPU
		{434E13A0-8B50-4A91-A6E8-E19906931E6C}.Release|Any CPU.Build.0 = Release|Any CPU
	EndGlobalSection
	GlobalSection(SolutionProperties) = preSolution
		HideSolutionNode = FALSE
	EndGlobalSection
	GlobalSection(ExtensibilityGlobals) = postSolution
		SolutionGuid = {AB460064-C6A4-42C2-A1CA-4AC62DBE0209}
	EndGlobalSection
EndGlobal
